
Microsoft Visual Studio Solution File, Format Version 12.00
# Visual Studio Version 16
VisualStudioVersion = 16.0.31205.134
MinimumVisualStudioVersion = 10.0.40219.1
Project("{FAE04EC0-301F-11D3-BF4B-00C04F79EFBC}") = "CGOF", "CGOF.csproj", "{B17BC1F4-81D3-4682-BA72-C5ADC12E8326}"
EndProject
Global
	GlobalSection(SolutionConfigurationPlatforms) = preSolution
		Debug|Any CPU = Debug|Any CPU
		Release|Any CPU = Release|Any CPU
	EndGlobalSection
	GlobalSection(ProjectConfigurationPlatforms) = postSolution
		{B17BC1F4-81D3-4682-BA72-C5ADC12E8326}.Debug|Any CPU.ActiveCfg = Debug|Any CPU
		{B17BC1F4-81D3-4682-BA72-C5ADC12E8326}.Debug|Any CPU.Build.0 = Debug|Any CPU
		{B17BC1F4-81D3-4682-BA72-C5ADC12E8326}.Release|Any CPU.ActiveCfg = Release|Any CPU
		{B17BC1F4-81D3-4682-BA72-C5ADC12E8326}.Release|Any CPU.Build.0 = Release|Any CPU
	EndGlobalSection
	GlobalSection(SolutionProperties) = preSolution
		HideSolutionNode = FALSE
	EndGlobalSection
	GlobalSection(ExtensibilityGlobals) = postSolution
		SolutionGuid = {F0E33D65-3002-439D-881B-DEBEEC739B55}
	EndGlobalSection
EndGlobal
